
Microsoft Visual Studio Solution File, Format Version 12.00
# Visual Studio Version 16
VisualStudioVersion = 16.0.31515.178
MinimumVisualStudioVersion = 10.0.40219.1
Project("{FAE04EC0-301F-11D3-BF4B-00C04F79EFBC}") = "bluetooth", "bluetooth\bluetooth.csproj", "{FF2F4D4C-7939-4A0E-BACE-F26F2CA6E2F1}"
EndProject
Global
	GlobalSection(SolutionConfigurationPlatforms) = preSolution
		Debug|Any CPU = Debug|Any CPU
		Release|Any CPU = Release|Any CPU
	EndGlobalSection
	GlobalSection(ProjectConfigurationPlatforms) = postSolution
		{FF2F4D4C-7939-4A0E-BACE-F26F2CA6E2F1}.Debug|Any CPU.ActiveCfg = Debug|Any CPU
		{FF2F4D4C-7939-4A0E-BACE-F26F2CA6E2F1}.Debug|Any CPU.Build.0 = Debug|Any CPU
		{FF2F4D4C-7939-4A0E-BACE-F26F2CA6E2F1}.Release|Any CPU.ActiveCfg = Release|Any CPU
		{FF2F4D4C-7939-4A0E-BACE-F26F2CA6E2F1}.Release|Any CPU.Build.0 = Release|Any CPU
	EndGlobalSection
	GlobalSection(SolutionProperties) = preSolution
		HideSolutionNode = FALSE
	EndGlobalSection
	GlobalSection(ExtensibilityGlobals) = postSolution
		SolutionGuid = {D8BC525F-72A1-4924-9776-764D8FEBF1F6}
	EndGlobalSection
EndGlobal
